
Microsoft Visual Studio Solution File, Format Version 12.00
# Visual Studio 15
VisualStudioVersion = 15.0.26124.0
MinimumVisualStudioVersion = 15.0.26124.0
Project("{9A19103F-16F7-4668-BE54-9A1E7A4F7556}") = "EFCore.SqlServer.HierarchyId", "EFCore.SqlServer.HierarchyId\EFCore.SqlServer.HierarchyId.csproj", "{8F722A02-71A4-4787-ACD8-FB7D5B7AE648}"
EndProject
Project("{9A19103F-16F7-4668-BE54-9A1E7A4F7556}") = "EFCore.SqlServer.HierarchyId.Test", "EFCore.SqlServer.HierarchyId.Test\EFCore.SqlServer.HierarchyId.Test.csproj", "{01F86E65-6448-424C-AAB5-9C6427EF6FD4}"
EndProject
Project("{9A19103F-16F7-4668-BE54-9A1E7A4F7556}") = "EFCore.SqlServer.HierarchyId.Abstractions", "EFCore.SqlServer.HierarchyId.Abstractions\EFCore.SqlServer.HierarchyId.Abstractions.csproj", "{3D935B7D-80BD-49AD-BDC9-E1B0C9D9494F}"
EndProject
Global
	GlobalSection(SolutionConfigurationPlatforms) = preSolution
		Debug|Any CPU = Debug|Any CPU
		Debug|x64 = Debug|x64
		Debug|x86 = Debug|x86
		Release|Any CPU = Release|Any CPU
		Release|x64 = Release|x64
		Release|x86 = Release|x86
	EndGlobalSection
	GlobalSection(ProjectConfigurationPlatforms) = postSolution
		{8F722A02-71A4-4787-ACD8-FB7D5B7AE648}.Debug|Any CPU.ActiveCfg = Debug|Any CPU
		{8F722A02-71A4-4787-ACD8-FB7D5B7AE648}.Debug|Any CPU.Build.0 = Debug|Any CPU
		{8F722A02-71A4-4787-ACD8-FB7D5B7AE648}.Debug|x64.ActiveCfg = Debug|Any CPU
		{8F722A02-71A4-4787-ACD8-FB7D5B7AE648}.Debug|x64.Build.0 = Debug|Any CPU
		{8F722A02-71A4-4787-ACD8-FB7D5B7AE648}.Debug|x86.ActiveCfg = Debug|Any CPU
		{8F722A02-71A4-4787-ACD8-FB7D5B7AE648}.Debug|x86.Build.0 = Debug|Any CPU
		{8F722A02-71A4-4787-ACD8-FB7D5B7AE648}.Release|Any CPU.ActiveCfg = Release|Any CPU
		{8F722A02-71A4-4787-ACD8-FB7D5B7AE648}.Release|Any CPU.Build.0 = Release|Any CPU
		{8F722A02-71A4-4787-ACD8-FB7D5B7AE648}.Release|x64.ActiveCfg = Release|Any CPU
		{8F722A02-71A4-4787-ACD8-FB7D5B7AE648}.Release|x64.Build.0 = Release|Any CPU
		{8F722A02-71A4-4787-ACD8-FB7D5B7AE648}.Release|x86.ActiveCfg = Release|Any CPU
		{8F722A02-71A4-4787-ACD8-FB7D5B7AE648}.Release|x86.Build.0 = Release|Any CPU
		{01F86E65-6448-424C-AAB5-9C6427EF6FD4}.Debug|Any CPU.ActiveCfg = Debug|Any CPU
		{01F86E65-6448-424C-AAB5-9C6427EF6FD4}.Debug|Any CPU.Build.0 = Debug|Any CPU
		{01F86E65-6448-424C-AAB5-9C6427EF6FD4}.Debug|x64.ActiveCfg = Debug|Any CPU
		{01F86E65-6448-424C-AAB5-9C6427EF6FD4}.Debug|x64.Build.0 = Debug|Any CPU
		{01F86E65-6448-424C-AAB5-9C6427EF6FD4}.Debug|x86.ActiveCfg = Debug|Any CPU
		{01F86E65-6448-424C-AAB5-9C6427EF6FD4}.Debug|x86.Build.0 = Debug|Any CPU
		{01F86E65-6448-424C-AAB5-9C6427EF6FD4}.Release|Any CPU.ActiveCfg = Release|Any CPU
		{01F86E65-6448-424C-AAB5-9C6427EF6FD4}.Release|Any CPU.Build.0 = Release|Any CPU
		{01F86E65-6448-424C-AAB5-9C6427EF6FD4}.Release|x64.ActiveCfg = Release|Any CPU
		{01F86E65-6448-424C-AAB5-9C6427EF6FD4}.Release|x64.Build.0 = Release|Any CPU
		{01F86E65-6448-424C-AAB5-9C6427EF6FD4}.Release|x86.ActiveCfg = Release|Any CPU
		{01F86E65-6448-424C-AAB5-9C6427EF6FD4}.Release|x86.Build.0 = Release|Any CPU
		{3D935B7D-80BD-49AD-BDC9-E1B0C9D9494F}.Debug|Any CPU.ActiveCfg = Debug|Any CPU
		{3D935B7D-80BD-49AD-BDC9-E1B0C9D9494F}.Debug|Any CPU.Build.0 = Debug|Any CPU
		{3D935B7D-80BD-49AD-BDC9-E1B0C9D9494F}.Debug|x64.ActiveCfg = Debug|Any CPU
		{3D935B7D-80BD-49AD-BDC9-E1B0C9D9494F}.Debug|x64.Build.0 = Debug|Any CPU
		{3D935B7D-80BD-49AD-BDC9-E1B0C9D9494F}.Debug|x86.ActiveCfg = Debug|Any CPU
		{3D935B7D-80BD-49AD-BDC9-E1B0C9D9494F}.Debug|x86.Build.0 = Debug|Any CPU
		{3D935B7D-80BD-49AD-BDC9-E1B0C9D9494F}.Release|Any CPU.ActiveCfg = Release|Any CPU
		{3D935B7D-80BD-49AD-BDC9-E1B0C9D9494F}.Release|Any CPU.Build.0 = Release|Any CPU
		{3D935B7D-80BD-49AD-BDC9-E1B0C9D9494F}.Release|x64.ActiveCfg = Release|Any CPU
		{3D935B7D-80BD-49AD-BDC9-E1B0C9D9494F}.Release|x64.Build.0 = Release|Any CPU
		{3D935B7D-80BD-49AD-BDC9-E1B0C9D9494F}.Release|x86.ActiveCfg = Release|Any CPU
		{3D935B7D-80BD-49AD-BDC9-E1B0C9D9494F}.Release|x86.Build.0 = Release|Any CPU
	EndGlobalSection
	GlobalSection(SolutionProperties) = preSolution
		HideSolutionNode = FALSE
	EndGlobalSection
	GlobalSection(ExtensibilityGlobals) = postSolution
		SolutionGuid = {C4BE52ED-57A8-4637-BC54-0934E9A46112}
	EndGlobalSection
EndGlobal
